{
  "nodes": {
    "nixpkgs": {
      "locked": {
        "lastModified": 1715955161,
        "narHash": "sha256-BffAhO1WYBeZO6l95MbYd+hBIcPvIsCjZgFY7QeHpX0=",
        "owner": "NixOS",
        "repo": "nixpkgs",
        "rev": "0f2503dfa5a589f5e3c8e4b294453ed8829c2c7e",
        "type": "github"
      },
      "original": {
        "owner": "NixOS",
        "repo": "nixpkgs",
        "type": "github"
      }
    },
    "root": {
      "inputs": {
        "nixpkgs": "nixpkgs"
      }
    }
  },
  "root": "root",
  "version": 7
}
