{
  "nodes": {
    "nixpkgs": {
      "locked": {
        "lastModified": 1715954570,
        "narHash": "sha256-sKIKjmZeJ6I7HT8oBZORoT5+MEL49zBvT/FTPQ5wqsE=",
        "owner": "NixOS",
        "repo": "nixpkgs",
        "rev": "b7fe7b940ad21f74e89cec6026eb80e96f64b85f",
        "type": "github"
      },
      "original": {
        "owner": "NixOS",
        "repo": "nixpkgs",
        "type": "github"
      }
    },
    "root": {
      "inputs": {
        "nixpkgs": "nixpkgs"
      }
    }
  },
  "root": "root",
  "version": 7
}
