{
  "nodes": {
    "nixpkgs": {
      "locked": {
        "lastModified": 1715946662,
        "narHash": "sha256-y2m+4YtFjwLMWC5J92BIa4JtDf70p5cA13M4PhGgrtM=",
        "owner": "NixOS",
        "repo": "nixpkgs",
        "rev": "f69f80004cda24338535641bc5286dd0e49a3d60",
        "type": "github"
      },
      "original": {
        "owner": "NixOS",
        "repo": "nixpkgs",
        "type": "github"
      }
    },
    "root": {
      "inputs": {
        "nixpkgs": "nixpkgs"
      }
    }
  },
  "root": "root",
  "version": 7
}
